
Microsoft Visual Studio Solution File, Format Version 12.00
# Visual Studio Version 17
VisualStudioVersion = 17.3.32922.545
MinimumVisualStudioVersion = 10.0.40219.1
Project("{FAE04EC0-301F-11D3-BF4B-00C04F79EFBC}") = "QueueInheritanceLibrary", "QueueInheritanceLibrary\QueueInheritanceLibrary.csproj", "{D4366FFD-E826-44E2-9A18-2E2229D4C785}"
EndProject
Global
	GlobalSection(SolutionConfigurationPlatforms) = preSolution
		Debug|Any CPU = Debug|Any CPU
		Release|Any CPU = Release|Any CPU
	EndGlobalSection
	GlobalSection(ProjectConfigurationPlatforms) = postSolution
		{D4366FFD-E826-44E2-9A18-2E2229D4C785}.Debug|Any CPU.ActiveCfg = Debug|Any CPU
		{D4366FFD-E826-44E2-9A18-2E2229D4C785}.Debug|Any CPU.Build.0 = Debug|Any CPU
		{D4366FFD-E826-44E2-9A18-2E2229D4C785}.Release|Any CPU.ActiveCfg = Release|Any CPU
		{D4366FFD-E826-44E2-9A18-2E2229D4C785}.Release|Any CPU.Build.0 = Release|Any CPU
	EndGlobalSection
	GlobalSection(SolutionProperties) = preSolution
		HideSolutionNode = FALSE
	EndGlobalSection
	GlobalSection(ExtensibilityGlobals) = postSolution
		SolutionGuid = {51890BDD-1F5D-4E60-92D5-A19B8323C28B}
	EndGlobalSection
EndGlobal
